
Microsoft Visual Studio Solution File, Format Version 12.00
# Visual Studio 14
VisualStudioVersion = 14.0.22310.1
MinimumVisualStudioVersion = 10.0.40219.1
Project("{FAE04EC0-301F-11D3-BF4B-00C04F79EFBC}") = "Mafer.Jun", "Mafer.Jun\Mafer.Jun.csproj", "{6A50AAE8-60DB-47B1-9C8B-389EE7F840FB}"
EndProject
Global
	GlobalSection(SolutionConfigurationPlatforms) = preSolution
		Debug|Any CPU = Debug|Any CPU
		Release|Any CPU = Release|Any CPU
	EndGlobalSection
	GlobalSection(ProjectConfigurationPlatforms) = postSolution
		{6A50AAE8-60DB-47B1-9C8B-389EE7F840FB}.Debug|Any CPU.ActiveCfg = Debug|Any CPU
		{6A50AAE8-60DB-47B1-9C8B-389EE7F840FB}.Debug|Any CPU.Build.0 = Debug|Any CPU
		{6A50AAE8-60DB-47B1-9C8B-389EE7F840FB}.Release|Any CPU.ActiveCfg = Release|Any CPU
		{6A50AAE8-60DB-47B1-9C8B-389EE7F840FB}.Release|Any CPU.Build.0 = Release|Any CPU
	EndGlobalSection
	GlobalSection(SolutionProperties) = preSolution
		HideSolutionNode = FALSE
	EndGlobalSection
EndGlobal
